
Microsoft Visual Studio Solution File, Format Version 12.00
# Visual Studio Version 17
VisualStudioVersion = 17.5.33414.496
MinimumVisualStudioVersion = 10.0.40219.1
Project("{FAE04EC0-301F-11D3-BF4B-00C04F79EFBC}") = "JobFinder", "JobFinder\JobFinder.csproj", "{D6F79BD4-C3E5-4CE1-A8D6-F62028490B2D}"
EndProject
Global
	GlobalSection(SolutionConfigurationPlatforms) = preSolution
		Debug|Any CPU = Debug|Any CPU
		Release|Any CPU = Release|Any CPU
	EndGlobalSection
	GlobalSection(ProjectConfigurationPlatforms) = postSolution
		{D6F79BD4-C3E5-4CE1-A8D6-F62028490B2D}.Debug|Any CPU.ActiveCfg = Debug|Any CPU
		{D6F79BD4-C3E5-4CE1-A8D6-F62028490B2D}.Debug|Any CPU.Build.0 = Debug|Any CPU
		{D6F79BD4-C3E5-4CE1-A8D6-F62028490B2D}.Release|Any CPU.ActiveCfg = Release|Any CPU
		{D6F79BD4-C3E5-4CE1-A8D6-F62028490B2D}.Release|Any CPU.Build.0 = Release|Any CPU
	EndGlobalSection
	GlobalSection(SolutionProperties) = preSolution
		HideSolutionNode = FALSE
	EndGlobalSection
	GlobalSection(ExtensibilityGlobals) = postSolution
		SolutionGuid = {DFD4DF8D-A08B-433B-BED1-D0D26C98804D}
	EndGlobalSection
EndGlobal
